
Microsoft Visual Studio Solution File, Format Version 12.00
# Visual Studio Version 16
VisualStudioVersion = 16.0.810.20
MinimumVisualStudioVersion = 10.0.40219.1
Project("{FAE04EC0-301F-11D3-BF4B-00C04F79EFBC}") = "Pokevmon", "Pokevmon.csproj", "{95ED20BF-FA84-48EE-B8D6-D0B2C58DB76B}"
EndProject
Global
	GlobalSection(SolutionConfigurationPlatforms) = preSolution
		Debug|Any CPU = Debug|Any CPU
		Release|Any CPU = Release|Any CPU
	EndGlobalSection
	GlobalSection(ProjectConfigurationPlatforms) = postSolution
		{95ED20BF-FA84-48EE-B8D6-D0B2C58DB76B}.Debug|Any CPU.ActiveCfg = Debug|Any CPU
		{95ED20BF-FA84-48EE-B8D6-D0B2C58DB76B}.Debug|Any CPU.Build.0 = Debug|Any CPU
		{95ED20BF-FA84-48EE-B8D6-D0B2C58DB76B}.Release|Any CPU.ActiveCfg = Release|Any CPU
		{95ED20BF-FA84-48EE-B8D6-D0B2C58DB76B}.Release|Any CPU.Build.0 = Release|Any CPU
	EndGlobalSection
	GlobalSection(SolutionProperties) = preSolution
		HideSolutionNode = FALSE
	EndGlobalSection
	GlobalSection(ExtensibilityGlobals) = postSolution
		SolutionGuid = {EB163F68-DBEB-47ED-92C3-CCFAEAA01EFE}
	EndGlobalSection
EndGlobal
